<Solution Description="This project is to convert a C program I did as an undergrad in 93-95 into modern-day C#. The program predicts tRNA secondary structure from the primary structure. Not sure the chemistry is still accurate, but as a coding exercise, this should be a good challenge. ">
	<Folder Name="/Solution Items/">
		<File Path=".editorconfig" />
		<File Path=".gitignore" />
		<File Path="LICENSE" />
		<File Path="README.md" />
		<File Path="TRNA.C" />
	</Folder>
	<Project Path="tRNA/tRNA.csproj" />
	<Project Path="tRNALib/tRNALib.csproj" />
</Solution>
